
Microsoft Visual Studio Solution File, Format Version 12.00
# Visual Studio Version 16
VisualStudioVersion = 16.0.30517.126
MinimumVisualStudioVersion = 10.0.40219.1
Project("{FAE04EC0-301F-11D3-BF4B-00C04F79EFBC}") = "Jarvis", "Jarvis\Jarvis.csproj", "{F86C8E76-789B-4A86-B91C-E2D52C5F8B9B}"
EndProject
Project("{FAE04EC0-301F-11D3-BF4B-00C04F79EFBC}") = "Jarvis.Answers", "Jarvis.Answers\Jarvis.Answers.csproj", "{9A092959-3097-47FB-A6EF-508A49A659BE}"
EndProject
Project("{FAE04EC0-301F-11D3-BF4B-00C04F79EFBC}") = "Jarvis.Cognitive", "Jarvis.Cognitive\Jarvis.Cognitive.csproj", "{546A6738-5771-4DDE-BE1E-08A2C59A67DD}"
EndProject
Project("{FAE04EC0-301F-11D3-BF4B-00C04F79EFBC}") = "Jarvis.Domain", "Jarvis.Domain\Jarvis.Domain.csproj", "{1561B899-A3D8-47F3-9B2C-98BB5A4E3DCA}"
EndProject
Global
	GlobalSection(SolutionConfigurationPlatforms) = preSolution
		Debug|Any CPU = Debug|Any CPU
		Release|Any CPU = Release|Any CPU
	EndGlobalSection
	GlobalSection(ProjectConfigurationPlatforms) = postSolution
		{F86C8E76-789B-4A86-B91C-E2D52C5F8B9B}.Debug|Any CPU.ActiveCfg = Debug|Any CPU
		{F86C8E76-789B-4A86-B91C-E2D52C5F8B9B}.Debug|Any CPU.Build.0 = Debug|Any CPU
		{F86C8E76-789B-4A86-B91C-E2D52C5F8B9B}.Release|Any CPU.ActiveCfg = Release|Any CPU
		{F86C8E76-789B-4A86-B91C-E2D52C5F8B9B}.Release|Any CPU.Build.0 = Release|Any CPU
		{9A092959-3097-47FB-A6EF-508A49A659BE}.Debug|Any CPU.ActiveCfg = Debug|Any CPU
		{9A092959-3097-47FB-A6EF-508A49A659BE}.Debug|Any CPU.Build.0 = Debug|Any CPU
		{9A092959-3097-47FB-A6EF-508A49A659BE}.Release|Any CPU.ActiveCfg = Release|Any CPU
		{9A092959-3097-47FB-A6EF-508A49A659BE}.Release|Any CPU.Build.0 = Release|Any CPU
		{546A6738-5771-4DDE-BE1E-08A2C59A67DD}.Debug|Any CPU.ActiveCfg = Debug|Any CPU
		{546A6738-5771-4DDE-BE1E-08A2C59A67DD}.Debug|Any CPU.Build.0 = Debug|Any CPU
		{546A6738-5771-4DDE-BE1E-08A2C59A67DD}.Release|Any CPU.ActiveCfg = Release|Any CPU
		{546A6738-5771-4DDE-BE1E-08A2C59A67DD}.Release|Any CPU.Build.0 = Release|Any CPU
		{1561B899-A3D8-47F3-9B2C-98BB5A4E3DCA}.Debug|Any CPU.ActiveCfg = Debug|Any CPU
		{1561B899-A3D8-47F3-9B2C-98BB5A4E3DCA}.Debug|Any CPU.Build.0 = Debug|Any CPU
		{1561B899-A3D8-47F3-9B2C-98BB5A4E3DCA}.Release|Any CPU.ActiveCfg = Release|Any CPU
		{1561B899-A3D8-47F3-9B2C-98BB5A4E3DCA}.Release|Any CPU.Build.0 = Release|Any CPU
	EndGlobalSection
	GlobalSection(SolutionProperties) = preSolution
		HideSolutionNode = FALSE
	EndGlobalSection
	GlobalSection(ExtensibilityGlobals) = postSolution
		SolutionGuid = {F881B70A-3A1D-4E9E-A2D3-FA798BB15ADD}
	EndGlobalSection
EndGlobal
